
Microsoft Visual Studio Solution File, Format Version 12.00
# Visual Studio Version 17
VisualStudioVersion = 17.7.34202.233
MinimumVisualStudioVersion = 10.0.40219.1
Project("{888888A0-9F3D-457C-B088-3A5042F75D52}") = "系统开发", "系统开发.pyproj", "{EEDBB1D2-A0DE-414E-89DF-97816955BEE4}"
EndProject
Global
	GlobalSection(SolutionConfigurationPlatforms) = preSolution
		Debug|Any CPU = Debug|Any CPU
		Release|Any CPU = Release|Any CPU
	EndGlobalSection
	GlobalSection(ProjectConfigurationPlatforms) = postSolution
		{EEDBB1D2-A0DE-414E-89DF-97816955BEE4}.Debug|Any CPU.ActiveCfg = Debug|Any CPU
		{EEDBB1D2-A0DE-414E-89DF-97816955BEE4}.Release|Any CPU.ActiveCfg = Release|Any CPU
	EndGlobalSection
	GlobalSection(SolutionProperties) = preSolution
		HideSolutionNode = FALSE
	EndGlobalSection
	GlobalSection(ExtensibilityGlobals) = postSolution
		SolutionGuid = {2913D750-C089-419B-8F01-3E67E85062A7}
	EndGlobalSection
EndGlobal
